
Microsoft Visual Studio Solution File, Format Version 12.00
# Visual Studio 15
VisualStudioVersion = 15.0.28307.852
MinimumVisualStudioVersion = 10.0.40219.1
Project("{FAE04EC0-301F-11D3-BF4B-00C04F79EFBC}") = "ZKCQPlotform", "ZKCQPlotform\ZKCQPlotform.csproj", "{8DDEF138-2367-4CF0-A83C-48F600A38464}"
EndProject
Global
	GlobalSection(SolutionConfigurationPlatforms) = preSolution
		Debug|Any CPU = Debug|Any CPU
		Release|Any CPU = Release|Any CPU
	EndGlobalSection
	GlobalSection(ProjectConfigurationPlatforms) = postSolution
		{8DDEF138-2367-4CF0-A83C-48F600A38464}.Debug|Any CPU.ActiveCfg = Debug|Any CPU
		{8DDEF138-2367-4CF0-A83C-48F600A38464}.Debug|Any CPU.Build.0 = Debug|Any CPU
		{8DDEF138-2367-4CF0-A83C-48F600A38464}.Release|Any CPU.ActiveCfg = Release|Any CPU
		{8DDEF138-2367-4CF0-A83C-48F600A38464}.Release|Any CPU.Build.0 = Release|Any CPU
	EndGlobalSection
	GlobalSection(SolutionProperties) = preSolution
		HideSolutionNode = FALSE
	EndGlobalSection
	GlobalSection(ExtensibilityGlobals) = postSolution
		SolutionGuid = {489A32A1-5D42-443E-8AAB-C40873B14AC9}
	EndGlobalSection
EndGlobal
